
Microsoft Visual Studio Solution File, Format Version 12.00
# Visual Studio 15
VisualStudioVersion = 15.0.26730.8
MinimumVisualStudioVersion = 10.0.40219.1
Project("{FAE04EC0-301F-11D3-BF4B-00C04F79EFBC}") = "RemotePanel", "RemotePanel\RemotePanel.csproj", "{764F92EE-5A2C-494A-B4E5-F47A46DDBDC4}"
EndProject
Global
	GlobalSection(SolutionConfigurationPlatforms) = preSolution
		Debug|Any CPU = Debug|Any CPU
		Release|Any CPU = Release|Any CPU
	EndGlobalSection
	GlobalSection(ProjectConfigurationPlatforms) = postSolution
		{764F92EE-5A2C-494A-B4E5-F47A46DDBDC4}.Debug|Any CPU.ActiveCfg = Debug|Any CPU
		{764F92EE-5A2C-494A-B4E5-F47A46DDBDC4}.Debug|Any CPU.Build.0 = Debug|Any CPU
		{764F92EE-5A2C-494A-B4E5-F47A46DDBDC4}.Release|Any CPU.ActiveCfg = Release|Any CPU
		{764F92EE-5A2C-494A-B4E5-F47A46DDBDC4}.Release|Any CPU.Build.0 = Release|Any CPU
	EndGlobalSection
	GlobalSection(SolutionProperties) = preSolution
		HideSolutionNode = FALSE
	EndGlobalSection
	GlobalSection(ExtensibilityGlobals) = postSolution
		SolutionGuid = {C323D348-DD01-4CF1-AD14-0E5C5EE94EF7}
	EndGlobalSection
EndGlobal
